// !$*UTF8*$!
{
	archiveVersion = 1;
	classes = {
	};
	objectVersion = 46;
	objects = {

/* Begin PBXBuildFile section */
		9C63FD2019BE016000FC39FB /* CIColorInvert.swift in Sources */ = {isa = PBXBuildFile; fileRef = 9C63FD1F19BE016000FC39FB /* CIColorInvert.swift */; };
		9C8A7C1D19C08E7E00F9F7CB /* CubeMap.c in Sources */ = {isa = PBXBuildFile; fileRef = 9C8A7C1C19C08E7E00F9F7CB /* CubeMap.c */; };
		9C9E494B19BC4F2600D49AB6 /* AppDelegate.swift in Sources */ = {isa = PBXBuildFile; fileRef = 9C9E494A19BC4F2600D49AB6 /* AppDelegate.swift */; };
		9C9E494D19BC4F2600D49AB6 /* ViewController.swift in Sources */ = {isa = PBXBuildFile; fileRef = 9C9E494C19BC4F2600D49AB6 /* ViewController.swift */; };
		9C9E495019BC4F2700D49AB6 /* Main.storyboard in Resources */ = {isa = PBXBuildFile; fileRef = 9C9E494E19BC4F2700D49AB6 /* Main.storyboard */; };
		9C9E495219BC4F2700D49AB6 /* Images.xcassets in Resources */ = {isa = PBXBuildFile; fileRef = 9C9E495119BC4F2700D49AB6 /* Images.xcassets */; };
		9C9E495E19BC4F2700D49AB6 /* ComplexFiltersTests.swift in Sources */ = {isa = PBXBuildFile; fileRef = 9C9E495D19BC4F2700D49AB6 /* ComplexFiltersTests.swift */; };
/* End PBXBuildFile section */

/* Begin PBXContainerItemProxy section */
		9C9E495819BC4F2700D49AB6 /* PBXContainerItemProxy */ = {
			isa = PBXContainerItemProxy;
			containerPortal = 9C9E493D19BC4F2500D49AB6 /* Project object */;
			proxyType = 1;
			remoteGlobalIDString = 9C9E494419BC4F2600D49AB6;
			remoteInfo = ComplexFilters;
		};
/* End PBXContainerItemProxy section */

/* Begin PBXFileReference section */
		9C63FD1F19BE016000FC39FB /* CIColorInvert.swift */ = {isa = PBXFileReference; fileEncoding = 4; lastKnownFileType = sourcecode.swift; path = CIColorInvert.swift; sourceTree = "<group>"; };
		9C8A7C1B19C08E7C00F9F7CB /* ComplexFilters-Bridging-Header.h */ = {isa = PBXFileReference; lastKnownFileType = sourcecode.c.h; path = "ComplexFilters-Bridging-Header.h"; sourceTree = "<group>"; };
		9C8A7C1C19C08E7E00F9F7CB /* CubeMap.c */ = {isa = PBXFileReference; fileEncoding = 4; lastKnownFileType = sourcecode.c.c; path = CubeMap.c; sourceTree = "<group>"; };
		9C9E494519BC4F2600D49AB6 /* ComplexFilters.app */ = {isa = PBXFileReference; explicitFileType = wrapper.application; includeInIndex = 0; path = ComplexFilters.app; sourceTree = BUILT_PRODUCTS_DIR; };
		9C9E494919BC4F2600D49AB6 /* Info.plist */ = {isa = PBXFileReference; lastKnownFileType = text.plist.xml; path = Info.plist; sourceTree = "<group>"; };
		9C9E494A19BC4F2600D49AB6 /* AppDelegate.swift */ = {isa = PBXFileReference; lastKnownFileType = sourcecode.swift; path = AppDelegate.swift; sourceTree = "<group>"; };
		9C9E494C19BC4F2600D49AB6 /* ViewController.swift */ = {isa = PBXFileReference; lastKnownFileType = sourcecode.swift; path = ViewController.swift; sourceTree = "<group>"; };
		9C9E494F19BC4F2700D49AB6 /* Base */ = {isa = PBXFileReference; lastKnownFileType = file.storyboard; name = Base; path = Base.lproj/Main.storyboard; sourceTree = "<group>"; };
		9C9E495119BC4F2700D49AB6 /* Images.xcassets */ = {isa = PBXFileReference; lastKnownFileType = folder.assetcatalog; path = Images.xcassets; sourceTree = "<group>"; };
		9C9E495719BC4F2700D49AB6 /* ComplexFiltersTests.xctest */ = {isa = PBXFileReference; explicitFileType = wrapper.cfbundle; includeInIndex = 0; path = ComplexFiltersTests.xctest; sourceTree = BUILT_PRODUCTS_DIR; };
		9C9E495C19BC4F2700D49AB6 /* Info.plist */ = {isa = PBXFileReference; lastKnownFileType = text.plist.xml; path = Info.plist; sourceTree = "<group>"; };
		9C9E495D19BC4F2700D49AB6 /* ComplexFiltersTests.swift */ = {isa = PBXFileReference; lastKnownFileType = sourcecode.swift; path = ComplexFiltersTests.swift; sourceTree = "<group>"; };
/* End PBXFileReference section */

/* Begin PBXFrameworksBuildPhase section */
		9C9E494219BC4F2600D49AB6 /* Frameworks */ = {
			isa = PBXFrameworksBuildPhase;
			buildActionMask = 2147483647;
			files = (
			);
			runOnlyForDeploymentPostprocessing = 0;
		};
		9C9E495419BC4F2700D49AB6 /* Frameworks */ = {
			isa = PBXFrameworksBuildPhase;
			buildActionMask = 2147483647;
			files = (
			);
			runOnlyForDeploymentPostprocessing = 0;
		};
/* End PBXFrameworksBuildPhase section */

/* Begin PBXGroup section */
		9C9E493C19BC4F2500D49AB6 = {
			isa = PBXGroup;
			children = (
				9C9E494719BC4F2600D49AB6 /* ComplexFilters */,
				9C9E495A19BC4F2700D49AB6 /* ComplexFiltersTests */,
				9C9E494619BC4F2600D49AB6 /* Products */,
			);
			sourceTree = "<group>";
		};
		9C9E494619BC4F2600D49AB6 /* Products */ = {
			isa = PBXGroup;
			children = (
				9C9E494519BC4F2600D49AB6 /* ComplexFilters.app */,
				9C9E495719BC4F2700D49AB6 /* ComplexFiltersTests.xctest */,
			);
			name = Products;
			sourceTree = "<group>";
		};
		9C9E494719BC4F2600D49AB6 /* ComplexFilters */ = {
			isa = PBXGroup;
			children = (
				9C9E494A19BC4F2600D49AB6 /* AppDelegate.swift */,
				9C9E494C19BC4F2600D49AB6 /* ViewController.swift */,
				9C8A7C1C19C08E7E00F9F7CB /* CubeMap.c */,
				9C63FD1F19BE016000FC39FB /* CIColorInvert.swift */,
				9C9E494E19BC4F2700D49AB6 /* Main.storyboard */,
				9C9E495119BC4F2700D49AB6 /* Images.xcassets */,
				9C9E494819BC4F2600D49AB6 /* Supporting Files */,
				9C8A7C1B19C08E7C00F9F7CB /* ComplexFilters-Bridging-Header.h */,
			);
			path = ComplexFilters;
			sourceTree = "<group>";
		};
		9C9E494819BC4F2600D49AB6 /* Supporting Files */ = {
			isa = PBXGroup;
			children = (
				9C9E494919BC4F2600D49AB6 /* Info.plist */,
			);
			name = "Supporting Files";
			sourceTree = "<group>";
		};
		9C9E495A19BC4F2700D49AB6 /* ComplexFiltersTests */ = {
			isa = PBXGroup;
			children = (
				9C9E495D19BC4F2700D49AB6 /* ComplexFiltersTests.swift */,
				9C9E495B19BC4F2700D49AB6 /* Supporting Files */,
			);
			path = ComplexFiltersTests;
			sourceTree = "<group>";
		};
		9C9E495B19BC4F2700D49AB6 /* Supporting Files */ = {
			isa = PBXGroup;
			children = (
				9C9E495C19BC4F2700D49AB6 /* Info.plist */,
			);
			name = "Supporting Files";
			sourceTree = "<group>";
		};
/* End PBXGroup section */

/* Begin PBXNativeTarget section */
		9C9E494419BC4F2600D49AB6 /* ComplexFilters */ = {
			isa = PBXNativeTarget;
			buildConfigurationList = 9C9E496119BC4F2700D49AB6 /* Build configuration list for PBXNativeTarget "ComplexFilters" */;
			buildPhases = (
				9C9E494119BC4F2600D49AB6 /* Sources */,
				9C9E494219BC4F2600D49AB6 /* Frameworks */,
				9C9E494319BC4F2600D49AB6 /* Resources */,
			);
			buildRules = (
			);
			dependencies = (
			);
			name = ComplexFilters;
			productName = ComplexFilters;
			productReference = 9C9E494519BC4F2600D49AB6 /* ComplexFilters.app */;
			productType = "com.apple.product-type.application";
		};
		9C9E495619BC4F2700D49AB6 /* ComplexFiltersTests */ = {
			isa = PBXNativeTarget;
			buildConfigurationList = 9C9E496419BC4F2700D49AB6 /* Build configuration list for PBXNativeTarget "ComplexFiltersTests" */;
			buildPhases = (
				9C9E495319BC4F2700D49AB6 /* Sources */,
				9C9E495419BC4F2700D49AB6 /* Frameworks */,
				9C9E495519BC4F2700D49AB6 /* Resources */,
			);
			buildRules = (
			);
			dependencies = (
				9C9E495919BC4F2700D49AB6 /* PBXTargetDependency */,
			);
			name = ComplexFiltersTests;
			productName = ComplexFiltersTests;
			productReference = 9C9E495719BC4F2700D49AB6 /* ComplexFiltersTests.xctest */;
			productType = "com.apple.product-type.bundle.unit-test";
		};
/* End PBXNativeTarget section */

/* Begin PBXProject section */
		9C9E493D19BC4F2500D49AB6 /* Project object */ = {
			isa = PBXProject;
			attributes = {
				LastUpgradeCheck = 0600;
				ORGANIZATIONNAME = zhangao;
				TargetAttributes = {
					9C9E494419BC4F2600D49AB6 = {
						CreatedOnToolsVersion = 6.0;
					};
					9C9E495619BC4F2700D49AB6 = {
						CreatedOnToolsVersion = 6.0;
						TestTargetID = 9C9E494419BC4F2600D49AB6;
					};
				};
			};
			buildConfigurationList = 9C9E494019BC4F2600D49AB6 /* Build configuration list for PBXProject "ComplexFilters" */;
			compatibilityVersion = "Xcode 3.2";
			developmentRegion = English;
			hasScannedForEncodings = 0;
			knownRegions = (
				en,
				Base,
			);
			mainGroup = 9C9E493C19BC4F2500D49AB6;
			productRefGroup = 9C9E494619BC4F2600D49AB6 /* Products */;
			projectDirPath = "";
			projectRoot = "";
			targets = (
				9C9E494419BC4F2600D49AB6 /* ComplexFilters */,
				9C9E495619BC4F2700D49AB6 /* ComplexFiltersTests */,
			);
		};
/* End PBXProject section */

/* Begin PBXResourcesBuildPhase section */
		9C9E494319BC4F2600D49AB6 /* Resources */ = {
			isa = PBXResourcesBuildPhase;
			buildActionMask = 2147483647;
			files = (
				9C9E495019BC4F2700D49AB6 /* Main.storyboard in Resources */,
				9C9E495219BC4F2700D49AB6 /* Images.xcassets in Resources */,
			);
			runOnlyForDeploymentPostprocessing = 0;
		};
		9C9E495519BC4F2700D49AB6 /* Resources */ = {
			isa = PBXResourcesBuildPhase;
			buildActionMask = 2147483647;
			files = (
			);
			runOnlyForDeploymentPostprocessing = 0;
		};
/* End PBXResourcesBuildPhase section */

/* Begin PBXSourcesBuildPhase section */
		9C9E494119BC4F2600D49AB6 /* Sources */ = {
			isa = PBXSourcesBuildPhase;
			buildActionMask = 2147483647;
			files = (
				9C9E494D19BC4F2600D49AB6 /* ViewController.swift in Sources */,
				9C9E494B19BC4F2600D49AB6 /* AppDelegate.swift in Sources */,
				9C63FD2019BE016000FC39FB /* CIColorInvert.swift in Sources */,
				9C8A7C1D19C08E7E00F9F7CB /* CubeMap.c in Sources */,
			);
			runOnlyForDeploymentPostprocessing = 0;
		};
		9C9E495319BC4F2700D49AB6 /* Sources */ = {
			isa = PBXSourcesBuildPhase;
			buildActionMask = 2147483647;
			files = (
				9C9E495E19BC4F2700D49AB6 /* ComplexFiltersTests.swift in Sources */,
			);
			runOnlyForDeploymentPostprocessing = 0;
		};
/* End PBXSourcesBuildPhase section */

/* Begin PBXTargetDependency section */
		9C9E495919BC4F2700D49AB6 /* PBXTargetDependency */ = {
			isa = PBXTargetDependency;
			target = 9C9E494419BC4F2600D49AB6 /* ComplexFilters */;
			targetProxy = 9C9E495819BC4F2700D49AB6 /* PBXContainerItemProxy */;
		};
/* End PBXTargetDependency section */

/* Begin PBXVariantGroup section */
		9C9E494E19BC4F2700D49AB6 /* Main.storyboard */ = {
			isa = PBXVariantGroup;
			children = (
				9C9E494F19BC4F2700D49AB6 /* Base */,
			);
			name = Main.storyboard;
			sourceTree = "<group>";
		};
/* End PBXVariantGroup section */

/* Begin XCBuildConfiguration section */
		9C9E495F19BC4F2700D49AB6 /* Debug */ = {
			isa = XCBuildConfiguration;
			buildSettings = {
				ALWAYS_SEARCH_USER_PATHS = NO;
				CLANG_CXX_LANGUAGE_STANDARD = "gnu++0x";
				CLANG_CXX_LIBRARY = "libc++";
				CLANG_ENABLE_MODULES = YES;
				CLANG_ENABLE_OBJC_ARC = YES;
				CLANG_WARN_BOOL_CONVERSION = YES;
				CLANG_WARN_CONSTANT_CONVERSION = YES;
				CLANG_WARN_DIRECT_OBJC_ISA_USAGE = YES_ERROR;
				CLANG_WARN_EMPTY_BODY = YES;
				CLANG_WARN_ENUM_CONVERSION = YES;
				CLANG_WARN_INT_CONVERSION = YES;
				CLANG_WARN_OBJC_ROOT_CLASS = YES_ERROR;
				CLANG_WARN_UNREACHABLE_CODE = YES;
				CLANG_WARN__DUPLICATE_METHOD_MATCH = YES;
				"CODE_SIGN_IDENTITY[sdk=iphoneos*]" = "iPhone Developer";
				COPY_PHASE_STRIP = NO;
				ENABLE_STRICT_OBJC_MSGSEND = YES;
				GCC_C_LANGUAGE_STANDARD = gnu99;
				GCC_DYNAMIC_NO_PIC = NO;
				GCC_OPTIMIZATION_LEVEL = 0;
				GCC_PREPROCESSOR_DEFINITIONS = (
					"DEBUG=1",
					"$(inherited)",
				);
				GCC_SYMBOLS_PRIVATE_EXTERN = NO;
				GCC_WARN_64_TO_32_BIT_CONVERSION = YES;
				GCC_WARN_ABOUT_RETURN_TYPE = YES_ERROR;
				GCC_WARN_UNDECLARED_SELECTOR = YES;
				GCC_WARN_UNINITIALIZED_AUTOS = YES_AGGRESSIVE;
				GCC_WARN_UNUSED_FUNCTION = YES;
				GCC_WARN_UNUSED_VARIABLE = YES;
				IPHONEOS_DEPLOYMENT_TARGET = 8.0;
				MTL_ENABLE_DEBUG_INFO = YES;
				ONLY_ACTIVE_ARCH = YES;
				SDKROOT = iphoneos;
				SWIFT_OPTIMIZATION_LEVEL = "-Onone";
			};
			name = Debug;
		};
		9C9E496019BC4F2700D49AB6 /* Release */ = {
			isa = XCBuildConfiguration;
			buildSettings = {
				ALWAYS_SEARCH_USER_PATHS = NO;
				CLANG_CXX_LANGUAGE_STANDARD = "gnu++0x";
				CLANG_CXX_LIBRARY = "libc++";
				CLANG_ENABLE_MODULES = YES;
				CLANG_ENABLE_OBJC_ARC = YES;
				CLANG_WARN_BOOL_CONVERSION = YES;
				CLANG_WARN_CONSTANT_CONVERSION = YES;
				CLANG_WARN_DIRECT_OBJC_ISA_USAGE = YES_ERROR;
				CLANG_WARN_EMPTY_BODY = YES;
				CLANG_WARN_ENUM_CONVERSION = YES;
				CLANG_WARN_INT_CONVERSION = YES;
				CLANG_WARN_OBJC_ROOT_CLASS = YES_ERROR;
				CLANG_WARN_UNREACHABLE_CODE = YES;
				CLANG_WARN__DUPLICATE_METHOD_MATCH = YES;
				"CODE_SIGN_IDENTITY[sdk=iphoneos*]" = "iPhone Developer";
				COPY_PHASE_STRIP = YES;
				ENABLE_NS_ASSERTIONS = NO;
				ENABLE_STRICT_OBJC_MSGSEND = YES;
				GCC_C_LANGUAGE_STANDARD = gnu99;
				GCC_WARN_64_TO_32_BIT_CONVERSION = YES;
				GCC_WARN_ABOUT_RETURN_TYPE = YES_ERROR;
				GCC_WARN_UNDECLARED_SELECTOR = YES;
				GCC_WARN_UNINITIALIZED_AUTOS = YES_AGGRESSIVE;
				GCC_WARN_UNUSED_FUNCTION = YES;
				GCC_WARN_UNUSED_VARIABLE = YES;
				IPHONEOS_DEPLOYMENT_TARGET = 8.0;
				MTL_ENABLE_DEBUG_INFO = NO;
				SDKROOT = iphoneos;
				VALIDATE_PRODUCT = YES;
			};
			name = Release;
		};
		9C9E496219BC4F2700D49AB6 /* Debug */ = {
			isa = XCBuildConfiguration;
			buildSettings = {
				ASSETCATALOG_COMPILER_APPICON_NAME = AppIcon;
				ASSETCATALOG_COMPILER_LAUNCHIMAGE_NAME = LaunchImage;
				CLANG_ENABLE_MODULES = YES;
				CODE_SIGN_IDENTITY = "iPhone Developer";
				INFOPLIST_FILE = ComplexFilters/Info.plist;
				IPHONEOS_DEPLOYMENT_TARGET = 8.0;
				LD_RUNPATH_SEARCH_PATHS = "$(inherited) @executable_path/Frameworks";
				PRODUCT_NAME = "$(TARGET_NAME)";
				SWIFT_OBJC_BRIDGING_HEADER = "ComplexFilters/ComplexFilters-Bridging-Header.h";
				SWIFT_OPTIMIZATION_LEVEL = "-Onone";
			};
			name = Debug;
		};
		9C9E496319BC4F2700D49AB6 /* Release */ = {
			isa = XCBuildConfiguration;
			buildSettings = {
				ASSETCATALOG_COMPILER_APPICON_NAME = AppIcon;
				ASSETCATALOG_COMPILER_LAUNCHIMAGE_NAME = LaunchImage;
				CLANG_ENABLE_MODULES = YES;
				CODE_SIGN_IDENTITY = "iPhone Developer";
				INFOPLIST_FILE = ComplexFilters/Info.plist;
				IPHONEOS_DEPLOYMENT_TARGET = 8.0;
				LD_RUNPATH_SEARCH_PATHS = "$(inherited) @executable_path/Frameworks";
				PRODUCT_NAME = "$(TARGET_NAME)";
				SWIFT_OBJC_BRIDGING_HEADER = "ComplexFilters/ComplexFilters-Bridging-Header.h";
			};
			name = Release;
		};
		9C9E496519BC4F2700D49AB6 /* Debug */ = {
			isa = XCBuildConfiguration;
			buildSettings = {
				BUNDLE_LOADER = "$(TEST_HOST)";
				FRAMEWORK_SEARCH_PATHS = (
					"$(SDKROOT)/Developer/Library/Frameworks",
					"$(inherited)",
				);
				GCC_PREPROCESSOR_DEFINITIONS = (
					"DEBUG=1",
					"$(inherited)",
				);
				INFOPLIST_FILE = ComplexFiltersTests/Info.plist;
				LD_RUNPATH_SEARCH_PATHS = "$(inherited) @executable_path/Frameworks @loader_path/Frameworks";
				PRODUCT_NAME = "$(TARGET_NAME)";
				TEST_HOST = "$(BUILT_PRODUCTS_DIR)/ComplexFilters.app/ComplexFilters";
			};
			name = Debug;
		};
		9C9E496619BC4F2700D49AB6 /* Release */ = {
			isa = XCBuildConfiguration;
			buildSettings = {
				BUNDLE_LOADER = "$(TEST_HOST)";
				FRAMEWORK_SEARCH_PATHS = (
					"$(SDKROOT)/Developer/Library/Frameworks",
					"$(inherited)",
				);
				INFOPLIST_FILE = ComplexFiltersTests/Info.plist;
				LD_RUNPATH_SEARCH_PATHS = "$(inherited) @executable_path/Frameworks @loader_path/Frameworks";
				PRODUCT_NAME = "$(TARGET_NAME)";
				TEST_HOST = "$(BUILT_PRODUCTS_DIR)/ComplexFilters.app/ComplexFilters";
			};
			name = Release;
		};
/* End XCBuildConfiguration section */

/* Begin XCConfigurationList section */
		9C9E494019BC4F2600D49AB6 /* Build configuration list for PBXProject "ComplexFilters" */ = {
			isa = XCConfigurationList;
			buildConfigurations = (
				9C9E495F19BC4F2700D49AB6 /* Debug */,
				9C9E496019BC4F2700D49AB6 /* Release */,
			);
			defaultConfigurationIsVisible = 0;
			defaultConfigurationName = Release;
		};
		9C9E496119BC4F2700D49AB6 /* Build configuration list for PBXNativeTarget "ComplexFilters" */ = {
			isa = XCConfigurationList;
			buildConfigurations = (
				9C9E496219BC4F2700D49AB6 /* Debug */,
				9C9E496319BC4F2700D49AB6 /* Release */,
			);
			defaultConfigurationIsVisible = 0;
			defaultConfigurationName = Release;
		};
		9C9E496419BC4F2700D49AB6 /* Build configuration list for PBXNativeTarget "ComplexFiltersTests" */ = {
			isa = XCConfigurationList;
			buildConfigurations = (
				9C9E496519BC4F2700D49AB6 /* Debug */,
				9C9E496619BC4F2700D49AB6 /* Release */,
			);
			defaultConfigurationIsVisible = 0;
			defaultConfigurationName = Release;
		};
/* End XCConfigurationList section */
	};
	rootObject = 9C9E493D19BC4F2500D49AB6 /* Project object */;
}
