// !$*UTF8*$!
{
	archiveVersion = 1;
	classes = {
	};
	objectVersion = 46;
	objects = {

/* Begin PBXBuildFile section */
		9C58BC1F19B217E600EE147E /* AppDelegate.swift in Sources */ = {isa = PBXBuildFile; fileRef = 9C58BC1E19B217E600EE147E /* AppDelegate.swift */; };
		9C58BC2119B217E600EE147E /* ViewController.swift in Sources */ = {isa = PBXBuildFile; fileRef = 9C58BC2019B217E600EE147E /* ViewController.swift */; };
		9C58BC2419B217E600EE147E /* Main.storyboard in Resources */ = {isa = PBXBuildFile; fileRef = 9C58BC2219B217E600EE147E /* Main.storyboard */; };
		9C58BC2619B217E600EE147E /* Images.xcassets in Resources */ = {isa = PBXBuildFile; fileRef = 9C58BC2519B217E600EE147E /* Images.xcassets */; };
		9C58BC3219B217E600EE147E /* CoreImageInSwiftTests.swift in Sources */ = {isa = PBXBuildFile; fileRef = 9C58BC3119B217E600EE147E /* CoreImageInSwiftTests.swift */; };
/* End PBXBuildFile section */

/* Begin PBXContainerItemProxy section */
		9C58BC2C19B217E600EE147E /* PBXContainerItemProxy */ = {
			isa = PBXContainerItemProxy;
			containerPortal = 9C58BC1119B217E600EE147E /* Project object */;
			proxyType = 1;
			remoteGlobalIDString = 9C58BC1819B217E600EE147E;
			remoteInfo = CoreImageInSwift;
		};
/* End PBXContainerItemProxy section */

/* Begin PBXFileReference section */
		9C58BC1919B217E600EE147E /* CoreImageInSwift.app */ = {isa = PBXFileReference; explicitFileType = wrapper.application; includeInIndex = 0; path = CoreImageInSwift.app; sourceTree = BUILT_PRODUCTS_DIR; };
		9C58BC1D19B217E600EE147E /* Info.plist */ = {isa = PBXFileReference; lastKnownFileType = text.plist.xml; path = Info.plist; sourceTree = "<group>"; };
		9C58BC1E19B217E600EE147E /* AppDelegate.swift */ = {isa = PBXFileReference; lastKnownFileType = sourcecode.swift; path = AppDelegate.swift; sourceTree = "<group>"; };
		9C58BC2019B217E600EE147E /* ViewController.swift */ = {isa = PBXFileReference; lastKnownFileType = sourcecode.swift; path = ViewController.swift; sourceTree = "<group>"; };
		9C58BC2319B217E600EE147E /* Base */ = {isa = PBXFileReference; lastKnownFileType = file.storyboard; name = Base; path = Base.lproj/Main.storyboard; sourceTree = "<group>"; };
		9C58BC2519B217E600EE147E /* Images.xcassets */ = {isa = PBXFileReference; lastKnownFileType = folder.assetcatalog; path = Images.xcassets; sourceTree = "<group>"; };
		9C58BC2B19B217E600EE147E /* CoreImageInSwiftTests.xctest */ = {isa = PBXFileReference; explicitFileType = wrapper.cfbundle; includeInIndex = 0; path = CoreImageInSwiftTests.xctest; sourceTree = BUILT_PRODUCTS_DIR; };
		9C58BC3019B217E600EE147E /* Info.plist */ = {isa = PBXFileReference; lastKnownFileType = text.plist.xml; path = Info.plist; sourceTree = "<group>"; };
		9C58BC3119B217E600EE147E /* CoreImageInSwiftTests.swift */ = {isa = PBXFileReference; lastKnownFileType = sourcecode.swift; path = CoreImageInSwiftTests.swift; sourceTree = "<group>"; };
/* End PBXFileReference section */

/* Begin PBXFrameworksBuildPhase section */
		9C58BC1619B217E600EE147E /* Frameworks */ = {
			isa = PBXFrameworksBuildPhase;
			buildActionMask = 2147483647;
			files = (
			);
			runOnlyForDeploymentPostprocessing = 0;
		};
		9C58BC2819B217E600EE147E /* Frameworks */ = {
			isa = PBXFrameworksBuildPhase;
			buildActionMask = 2147483647;
			files = (
			);
			runOnlyForDeploymentPostprocessing = 0;
		};
/* End PBXFrameworksBuildPhase section */

/* Begin PBXGroup section */
		9C58BC1019B217E600EE147E = {
			isa = PBXGroup;
			children = (
				9C58BC1B19B217E600EE147E /* CoreImageInSwift */,
				9C58BC2E19B217E600EE147E /* CoreImageInSwiftTests */,
				9C58BC1A19B217E600EE147E /* Products */,
			);
			sourceTree = "<group>";
		};
		9C58BC1A19B217E600EE147E /* Products */ = {
			isa = PBXGroup;
			children = (
				9C58BC1919B217E600EE147E /* CoreImageInSwift.app */,
				9C58BC2B19B217E600EE147E /* CoreImageInSwiftTests.xctest */,
			);
			name = Products;
			sourceTree = "<group>";
		};
		9C58BC1B19B217E600EE147E /* CoreImageInSwift */ = {
			isa = PBXGroup;
			children = (
				9C58BC1E19B217E600EE147E /* AppDelegate.swift */,
				9C58BC2019B217E600EE147E /* ViewController.swift */,
				9C58BC2219B217E600EE147E /* Main.storyboard */,
				9C58BC2519B217E600EE147E /* Images.xcassets */,
				9C58BC1C19B217E600EE147E /* Supporting Files */,
			);
			path = CoreImageInSwift;
			sourceTree = "<group>";
		};
		9C58BC1C19B217E600EE147E /* Supporting Files */ = {
			isa = PBXGroup;
			children = (
				9C58BC1D19B217E600EE147E /* Info.plist */,
			);
			name = "Supporting Files";
			sourceTree = "<group>";
		};
		9C58BC2E19B217E600EE147E /* CoreImageInSwiftTests */ = {
			isa = PBXGroup;
			children = (
				9C58BC3119B217E600EE147E /* CoreImageInSwiftTests.swift */,
				9C58BC2F19B217E600EE147E /* Supporting Files */,
			);
			path = CoreImageInSwiftTests;
			sourceTree = "<group>";
		};
		9C58BC2F19B217E600EE147E /* Supporting Files */ = {
			isa = PBXGroup;
			children = (
				9C58BC3019B217E600EE147E /* Info.plist */,
			);
			name = "Supporting Files";
			sourceTree = "<group>";
		};
/* End PBXGroup section */

/* Begin PBXNativeTarget section */
		9C58BC1819B217E600EE147E /* CoreImageInSwift */ = {
			isa = PBXNativeTarget;
			buildConfigurationList = 9C58BC3519B217E600EE147E /* Build configuration list for PBXNativeTarget "CoreImageInSwift" */;
			buildPhases = (
				9C58BC1519B217E600EE147E /* Sources */,
				9C58BC1619B217E600EE147E /* Frameworks */,
				9C58BC1719B217E600EE147E /* Resources */,
			);
			buildRules = (
			);
			dependencies = (
			);
			name = CoreImageInSwift;
			productName = CoreImageInSwift;
			productReference = 9C58BC1919B217E600EE147E /* CoreImageInSwift.app */;
			productType = "com.apple.product-type.application";
		};
		9C58BC2A19B217E600EE147E /* CoreImageInSwiftTests */ = {
			isa = PBXNativeTarget;
			buildConfigurationList = 9C58BC3819B217E600EE147E /* Build configuration list for PBXNativeTarget "CoreImageInSwiftTests" */;
			buildPhases = (
				9C58BC2719B217E600EE147E /* Sources */,
				9C58BC2819B217E600EE147E /* Frameworks */,
				9C58BC2919B217E600EE147E /* Resources */,
			);
			buildRules = (
			);
			dependencies = (
				9C58BC2D19B217E600EE147E /* PBXTargetDependency */,
			);
			name = CoreImageInSwiftTests;
			productName = CoreImageInSwiftTests;
			productReference = 9C58BC2B19B217E600EE147E /* CoreImageInSwiftTests.xctest */;
			productType = "com.apple.product-type.bundle.unit-test";
		};
/* End PBXNativeTarget section */

/* Begin PBXProject section */
		9C58BC1119B217E600EE147E /* Project object */ = {
			isa = PBXProject;
			attributes = {
				LastUpgradeCheck = 0600;
				ORGANIZATIONNAME = zhangao;
				TargetAttributes = {
					9C58BC1819B217E600EE147E = {
						CreatedOnToolsVersion = 6.0;
					};
					9C58BC2A19B217E600EE147E = {
						CreatedOnToolsVersion = 6.0;
						TestTargetID = 9C58BC1819B217E600EE147E;
					};
				};
			};
			buildConfigurationList = 9C58BC1419B217E600EE147E /* Build configuration list for PBXProject "CoreImageInSwift" */;
			compatibilityVersion = "Xcode 3.2";
			developmentRegion = English;
			hasScannedForEncodings = 0;
			knownRegions = (
				en,
				Base,
			);
			mainGroup = 9C58BC1019B217E600EE147E;
			productRefGroup = 9C58BC1A19B217E600EE147E /* Products */;
			projectDirPath = "";
			projectRoot = "";
			targets = (
				9C58BC1819B217E600EE147E /* CoreImageInSwift */,
				9C58BC2A19B217E600EE147E /* CoreImageInSwiftTests */,
			);
		};
/* End PBXProject section */

/* Begin PBXResourcesBuildPhase section */
		9C58BC1719B217E600EE147E /* Resources */ = {
			isa = PBXResourcesBuildPhase;
			buildActionMask = 2147483647;
			files = (
				9C58BC2419B217E600EE147E /* Main.storyboard in Resources */,
				9C58BC2619B217E600EE147E /* Images.xcassets in Resources */,
			);
			runOnlyForDeploymentPostprocessing = 0;
		};
		9C58BC2919B217E600EE147E /* Resources */ = {
			isa = PBXResourcesBuildPhase;
			buildActionMask = 2147483647;
			files = (
			);
			runOnlyForDeploymentPostprocessing = 0;
		};
/* End PBXResourcesBuildPhase section */

/* Begin PBXSourcesBuildPhase section */
		9C58BC1519B217E600EE147E /* Sources */ = {
			isa = PBXSourcesBuildPhase;
			buildActionMask = 2147483647;
			files = (
				9C58BC2119B217E600EE147E /* ViewController.swift in Sources */,
				9C58BC1F19B217E600EE147E /* AppDelegate.swift in Sources */,
			);
			runOnlyForDeploymentPostprocessing = 0;
		};
		9C58BC2719B217E600EE147E /* Sources */ = {
			isa = PBXSourcesBuildPhase;
			buildActionMask = 2147483647;
			files = (
				9C58BC3219B217E600EE147E /* CoreImageInSwiftTests.swift in Sources */,
			);
			runOnlyForDeploymentPostprocessing = 0;
		};
/* End PBXSourcesBuildPhase section */

/* Begin PBXTargetDependency section */
		9C58BC2D19B217E600EE147E /* PBXTargetDependency */ = {
			isa = PBXTargetDependency;
			target = 9C58BC1819B217E600EE147E /* CoreImageInSwift */;
			targetProxy = 9C58BC2C19B217E600EE147E /* PBXContainerItemProxy */;
		};
/* End PBXTargetDependency section */

/* Begin PBXVariantGroup section */
		9C58BC2219B217E600EE147E /* Main.storyboard */ = {
			isa = PBXVariantGroup;
			children = (
				9C58BC2319B217E600EE147E /* Base */,
			);
			name = Main.storyboard;
			sourceTree = "<group>";
		};
/* End PBXVariantGroup section */

/* Begin XCBuildConfiguration section */
		9C58BC3319B217E600EE147E /* Debug */ = {
			isa = XCBuildConfiguration;
			buildSettings = {
				ALWAYS_SEARCH_USER_PATHS = NO;
				CLANG_CXX_LANGUAGE_STANDARD = "gnu++0x";
				CLANG_CXX_LIBRARY = "libc++";
				CLANG_ENABLE_MODULES = YES;
				CLANG_ENABLE_OBJC_ARC = YES;
				CLANG_WARN_BOOL_CONVERSION = YES;
				CLANG_WARN_CONSTANT_CONVERSION = YES;
				CLANG_WARN_DIRECT_OBJC_ISA_USAGE = YES_ERROR;
				CLANG_WARN_EMPTY_BODY = YES;
				CLANG_WARN_ENUM_CONVERSION = YES;
				CLANG_WARN_INT_CONVERSION = YES;
				CLANG_WARN_OBJC_ROOT_CLASS = YES_ERROR;
				CLANG_WARN_UNREACHABLE_CODE = YES;
				CLANG_WARN__DUPLICATE_METHOD_MATCH = YES;
				"CODE_SIGN_IDENTITY[sdk=iphoneos*]" = "iPhone Developer";
				COPY_PHASE_STRIP = NO;
				ENABLE_STRICT_OBJC_MSGSEND = YES;
				GCC_C_LANGUAGE_STANDARD = gnu99;
				GCC_DYNAMIC_NO_PIC = NO;
				GCC_OPTIMIZATION_LEVEL = 0;
				GCC_PREPROCESSOR_DEFINITIONS = (
					"DEBUG=1",
					"$(inherited)",
				);
				GCC_SYMBOLS_PRIVATE_EXTERN = NO;
				GCC_WARN_64_TO_32_BIT_CONVERSION = YES;
				GCC_WARN_ABOUT_RETURN_TYPE = YES_ERROR;
				GCC_WARN_UNDECLARED_SELECTOR = YES;
				GCC_WARN_UNINITIALIZED_AUTOS = YES_AGGRESSIVE;
				GCC_WARN_UNUSED_FUNCTION = YES;
				GCC_WARN_UNUSED_VARIABLE = YES;
				IPHONEOS_DEPLOYMENT_TARGET = 8.0;
				MTL_ENABLE_DEBUG_INFO = YES;
				ONLY_ACTIVE_ARCH = YES;
				SDKROOT = iphoneos;
				SWIFT_OPTIMIZATION_LEVEL = "-Onone";
			};
			name = Debug;
		};
		9C58BC3419B217E600EE147E /* Release */ = {
			isa = XCBuildConfiguration;
			buildSettings = {
				ALWAYS_SEARCH_USER_PATHS = NO;
				CLANG_CXX_LANGUAGE_STANDARD = "gnu++0x";
				CLANG_CXX_LIBRARY = "libc++";
				CLANG_ENABLE_MODULES = YES;
				CLANG_ENABLE_OBJC_ARC = YES;
				CLANG_WARN_BOOL_CONVERSION = YES;
				CLANG_WARN_CONSTANT_CONVERSION = YES;
				CLANG_WARN_DIRECT_OBJC_ISA_USAGE = YES_ERROR;
				CLANG_WARN_EMPTY_BODY = YES;
				CLANG_WARN_ENUM_CONVERSION = YES;
				CLANG_WARN_INT_CONVERSION = YES;
				CLANG_WARN_OBJC_ROOT_CLASS = YES_ERROR;
				CLANG_WARN_UNREACHABLE_CODE = YES;
				CLANG_WARN__DUPLICATE_METHOD_MATCH = YES;
				"CODE_SIGN_IDENTITY[sdk=iphoneos*]" = "iPhone Developer";
				COPY_PHASE_STRIP = YES;
				ENABLE_NS_ASSERTIONS = NO;
				ENABLE_STRICT_OBJC_MSGSEND = YES;
				GCC_C_LANGUAGE_STANDARD = gnu99;
				GCC_WARN_64_TO_32_BIT_CONVERSION = YES;
				GCC_WARN_ABOUT_RETURN_TYPE = YES_ERROR;
				GCC_WARN_UNDECLARED_SELECTOR = YES;
				GCC_WARN_UNINITIALIZED_AUTOS = YES_AGGRESSIVE;
				GCC_WARN_UNUSED_FUNCTION = YES;
				GCC_WARN_UNUSED_VARIABLE = YES;
				IPHONEOS_DEPLOYMENT_TARGET = 8.0;
				MTL_ENABLE_DEBUG_INFO = NO;
				SDKROOT = iphoneos;
				VALIDATE_PRODUCT = YES;
			};
			name = Release;
		};
		9C58BC3619B217E600EE147E /* Debug */ = {
			isa = XCBuildConfiguration;
			buildSettings = {
				ASSETCATALOG_COMPILER_APPICON_NAME = AppIcon;
				ASSETCATALOG_COMPILER_LAUNCHIMAGE_NAME = LaunchImage;
				INFOPLIST_FILE = CoreImageInSwift/Info.plist;
				LD_RUNPATH_SEARCH_PATHS = "$(inherited) @executable_path/Frameworks";
				PRODUCT_NAME = "$(TARGET_NAME)";
			};
			name = Debug;
		};
		9C58BC3719B217E600EE147E /* Release */ = {
			isa = XCBuildConfiguration;
			buildSettings = {
				ASSETCATALOG_COMPILER_APPICON_NAME = AppIcon;
				ASSETCATALOG_COMPILER_LAUNCHIMAGE_NAME = LaunchImage;
				INFOPLIST_FILE = CoreImageInSwift/Info.plist;
				LD_RUNPATH_SEARCH_PATHS = "$(inherited) @executable_path/Frameworks";
				PRODUCT_NAME = "$(TARGET_NAME)";
			};
			name = Release;
		};
		9C58BC3919B217E600EE147E /* Debug */ = {
			isa = XCBuildConfiguration;
			buildSettings = {
				BUNDLE_LOADER = "$(TEST_HOST)";
				FRAMEWORK_SEARCH_PATHS = (
					"$(SDKROOT)/Developer/Library/Frameworks",
					"$(inherited)",
				);
				GCC_PREPROCESSOR_DEFINITIONS = (
					"DEBUG=1",
					"$(inherited)",
				);
				INFOPLIST_FILE = CoreImageInSwiftTests/Info.plist;
				LD_RUNPATH_SEARCH_PATHS = "$(inherited) @executable_path/Frameworks @loader_path/Frameworks";
				PRODUCT_NAME = "$(TARGET_NAME)";
				TEST_HOST = "$(BUILT_PRODUCTS_DIR)/CoreImageInSwift.app/CoreImageInSwift";
			};
			name = Debug;
		};
		9C58BC3A19B217E600EE147E /* Release */ = {
			isa = XCBuildConfiguration;
			buildSettings = {
				BUNDLE_LOADER = "$(TEST_HOST)";
				FRAMEWORK_SEARCH_PATHS = (
					"$(SDKROOT)/Developer/Library/Frameworks",
					"$(inherited)",
				);
				INFOPLIST_FILE = CoreImageInSwiftTests/Info.plist;
				LD_RUNPATH_SEARCH_PATHS = "$(inherited) @executable_path/Frameworks @loader_path/Frameworks";
				PRODUCT_NAME = "$(TARGET_NAME)";
				TEST_HOST = "$(BUILT_PRODUCTS_DIR)/CoreImageInSwift.app/CoreImageInSwift";
			};
			name = Release;
		};
/* End XCBuildConfiguration section */

/* Begin XCConfigurationList section */
		9C58BC1419B217E600EE147E /* Build configuration list for PBXProject "CoreImageInSwift" */ = {
			isa = XCConfigurationList;
			buildConfigurations = (
				9C58BC3319B217E600EE147E /* Debug */,
				9C58BC3419B217E600EE147E /* Release */,
			);
			defaultConfigurationIsVisible = 0;
			defaultConfigurationName = Release;
		};
		9C58BC3519B217E600EE147E /* Build configuration list for PBXNativeTarget "CoreImageInSwift" */ = {
			isa = XCConfigurationList;
			buildConfigurations = (
				9C58BC3619B217E600EE147E /* Debug */,
				9C58BC3719B217E600EE147E /* Release */,
			);
			defaultConfigurationIsVisible = 0;
		};
		9C58BC3819B217E600EE147E /* Build configuration list for PBXNativeTarget "CoreImageInSwiftTests" */ = {
			isa = XCConfigurationList;
			buildConfigurations = (
				9C58BC3919B217E600EE147E /* Debug */,
				9C58BC3A19B217E600EE147E /* Release */,
			);
			defaultConfigurationIsVisible = 0;
		};
/* End XCConfigurationList section */
	};
	rootObject = 9C58BC1119B217E600EE147E /* Project object */;
}
