// !$*UTF8*$!
{
	archiveVersion = 1;
	classes = {
	};
	objectVersion = 46;
	objects = {

/* Begin PBXBuildFile section */
		9C6B026A19CD3477009FEA30 /* AppDelegate.swift in Sources */ = {isa = PBXBuildFile; fileRef = 9C6B026919CD3477009FEA30 /* AppDelegate.swift */; };
		9C6B026C19CD3477009FEA30 /* ViewController.swift in Sources */ = {isa = PBXBuildFile; fileRef = 9C6B026B19CD3477009FEA30 /* ViewController.swift */; };
		9C6B026F19CD3477009FEA30 /* Main.storyboard in Resources */ = {isa = PBXBuildFile; fileRef = 9C6B026D19CD3477009FEA30 /* Main.storyboard */; };
		9C6B027119CD3477009FEA30 /* Images.xcassets in Resources */ = {isa = PBXBuildFile; fileRef = 9C6B027019CD3477009FEA30 /* Images.xcassets */; };
		9C6B027419CD3477009FEA30 /* LaunchScreen.xib in Resources */ = {isa = PBXBuildFile; fileRef = 9C6B027219CD3477009FEA30 /* LaunchScreen.xib */; };
		9C6B028019CD3477009FEA30 /* RealTimeFilterTests.swift in Sources */ = {isa = PBXBuildFile; fileRef = 9C6B027F19CD3477009FEA30 /* RealTimeFilterTests.swift */; };
/* End PBXBuildFile section */

/* Begin PBXContainerItemProxy section */
		9C6B027A19CD3477009FEA30 /* PBXContainerItemProxy */ = {
			isa = PBXContainerItemProxy;
			containerPortal = 9C6B025C19CD3477009FEA30 /* Project object */;
			proxyType = 1;
			remoteGlobalIDString = 9C6B026319CD3477009FEA30;
			remoteInfo = RealTimeFilter;
		};
/* End PBXContainerItemProxy section */

/* Begin PBXFileReference section */
		9C6B026419CD3477009FEA30 /* RealTimeFilter.app */ = {isa = PBXFileReference; explicitFileType = wrapper.application; includeInIndex = 0; path = RealTimeFilter.app; sourceTree = BUILT_PRODUCTS_DIR; };
		9C6B026819CD3477009FEA30 /* Info.plist */ = {isa = PBXFileReference; lastKnownFileType = text.plist.xml; path = Info.plist; sourceTree = "<group>"; };
		9C6B026919CD3477009FEA30 /* AppDelegate.swift */ = {isa = PBXFileReference; lastKnownFileType = sourcecode.swift; path = AppDelegate.swift; sourceTree = "<group>"; };
		9C6B026B19CD3477009FEA30 /* ViewController.swift */ = {isa = PBXFileReference; lastKnownFileType = sourcecode.swift; path = ViewController.swift; sourceTree = "<group>"; };
		9C6B026E19CD3477009FEA30 /* Base */ = {isa = PBXFileReference; lastKnownFileType = file.storyboard; name = Base; path = Base.lproj/Main.storyboard; sourceTree = "<group>"; };
		9C6B027019CD3477009FEA30 /* Images.xcassets */ = {isa = PBXFileReference; lastKnownFileType = folder.assetcatalog; path = Images.xcassets; sourceTree = "<group>"; };
		9C6B027319CD3477009FEA30 /* Base */ = {isa = PBXFileReference; lastKnownFileType = file.xib; name = Base; path = Base.lproj/LaunchScreen.xib; sourceTree = "<group>"; };
		9C6B027919CD3477009FEA30 /* RealTimeFilterTests.xctest */ = {isa = PBXFileReference; explicitFileType = wrapper.cfbundle; includeInIndex = 0; path = RealTimeFilterTests.xctest; sourceTree = BUILT_PRODUCTS_DIR; };
		9C6B027E19CD3477009FEA30 /* Info.plist */ = {isa = PBXFileReference; lastKnownFileType = text.plist.xml; path = Info.plist; sourceTree = "<group>"; };
		9C6B027F19CD3477009FEA30 /* RealTimeFilterTests.swift */ = {isa = PBXFileReference; lastKnownFileType = sourcecode.swift; path = RealTimeFilterTests.swift; sourceTree = "<group>"; };
/* End PBXFileReference section */

/* Begin PBXFrameworksBuildPhase section */
		9C6B026119CD3477009FEA30 /* Frameworks */ = {
			isa = PBXFrameworksBuildPhase;
			buildActionMask = 2147483647;
			files = (
			);
			runOnlyForDeploymentPostprocessing = 0;
		};
		9C6B027619CD3477009FEA30 /* Frameworks */ = {
			isa = PBXFrameworksBuildPhase;
			buildActionMask = 2147483647;
			files = (
			);
			runOnlyForDeploymentPostprocessing = 0;
		};
/* End PBXFrameworksBuildPhase section */

/* Begin PBXGroup section */
		9C6B025B19CD3477009FEA30 = {
			isa = PBXGroup;
			children = (
				9C6B026619CD3477009FEA30 /* RealTimeFilter */,
				9C6B027C19CD3477009FEA30 /* RealTimeFilterTests */,
				9C6B026519CD3477009FEA30 /* Products */,
			);
			sourceTree = "<group>";
		};
		9C6B026519CD3477009FEA30 /* Products */ = {
			isa = PBXGroup;
			children = (
				9C6B026419CD3477009FEA30 /* RealTimeFilter.app */,
				9C6B027919CD3477009FEA30 /* RealTimeFilterTests.xctest */,
			);
			name = Products;
			sourceTree = "<group>";
		};
		9C6B026619CD3477009FEA30 /* RealTimeFilter */ = {
			isa = PBXGroup;
			children = (
				9C6B026919CD3477009FEA30 /* AppDelegate.swift */,
				9C6B026B19CD3477009FEA30 /* ViewController.swift */,
				9C6B026D19CD3477009FEA30 /* Main.storyboard */,
				9C6B027019CD3477009FEA30 /* Images.xcassets */,
				9C6B027219CD3477009FEA30 /* LaunchScreen.xib */,
				9C6B026719CD3477009FEA30 /* Supporting Files */,
			);
			path = RealTimeFilter;
			sourceTree = "<group>";
		};
		9C6B026719CD3477009FEA30 /* Supporting Files */ = {
			isa = PBXGroup;
			children = (
				9C6B026819CD3477009FEA30 /* Info.plist */,
			);
			name = "Supporting Files";
			sourceTree = "<group>";
		};
		9C6B027C19CD3477009FEA30 /* RealTimeFilterTests */ = {
			isa = PBXGroup;
			children = (
				9C6B027F19CD3477009FEA30 /* RealTimeFilterTests.swift */,
				9C6B027D19CD3477009FEA30 /* Supporting Files */,
			);
			path = RealTimeFilterTests;
			sourceTree = "<group>";
		};
		9C6B027D19CD3477009FEA30 /* Supporting Files */ = {
			isa = PBXGroup;
			children = (
				9C6B027E19CD3477009FEA30 /* Info.plist */,
			);
			name = "Supporting Files";
			sourceTree = "<group>";
		};
/* End PBXGroup section */

/* Begin PBXNativeTarget section */
		9C6B026319CD3477009FEA30 /* RealTimeFilter */ = {
			isa = PBXNativeTarget;
			buildConfigurationList = 9C6B028319CD3477009FEA30 /* Build configuration list for PBXNativeTarget "RealTimeFilter" */;
			buildPhases = (
				9C6B026019CD3477009FEA30 /* Sources */,
				9C6B026119CD3477009FEA30 /* Frameworks */,
				9C6B026219CD3477009FEA30 /* Resources */,
			);
			buildRules = (
			);
			dependencies = (
			);
			name = RealTimeFilter;
			productName = RealTimeFilter;
			productReference = 9C6B026419CD3477009FEA30 /* RealTimeFilter.app */;
			productType = "com.apple.product-type.application";
		};
		9C6B027819CD3477009FEA30 /* RealTimeFilterTests */ = {
			isa = PBXNativeTarget;
			buildConfigurationList = 9C6B028619CD3477009FEA30 /* Build configuration list for PBXNativeTarget "RealTimeFilterTests" */;
			buildPhases = (
				9C6B027519CD3477009FEA30 /* Sources */,
				9C6B027619CD3477009FEA30 /* Frameworks */,
				9C6B027719CD3477009FEA30 /* Resources */,
			);
			buildRules = (
			);
			dependencies = (
				9C6B027B19CD3477009FEA30 /* PBXTargetDependency */,
			);
			name = RealTimeFilterTests;
			productName = RealTimeFilterTests;
			productReference = 9C6B027919CD3477009FEA30 /* RealTimeFilterTests.xctest */;
			productType = "com.apple.product-type.bundle.unit-test";
		};
/* End PBXNativeTarget section */

/* Begin PBXProject section */
		9C6B025C19CD3477009FEA30 /* Project object */ = {
			isa = PBXProject;
			attributes = {
				LastUpgradeCheck = 0600;
				ORGANIZATIONNAME = ZhangAo;
				TargetAttributes = {
					9C6B026319CD3477009FEA30 = {
						CreatedOnToolsVersion = 6.0;
						DevelopmentTeam = 3XF6FPH7DP;
					};
					9C6B027819CD3477009FEA30 = {
						CreatedOnToolsVersion = 6.0;
						TestTargetID = 9C6B026319CD3477009FEA30;
					};
				};
			};
			buildConfigurationList = 9C6B025F19CD3477009FEA30 /* Build configuration list for PBXProject "RealTimeFilter" */;
			compatibilityVersion = "Xcode 3.2";
			developmentRegion = English;
			hasScannedForEncodings = 0;
			knownRegions = (
				en,
				Base,
			);
			mainGroup = 9C6B025B19CD3477009FEA30;
			productRefGroup = 9C6B026519CD3477009FEA30 /* Products */;
			projectDirPath = "";
			projectRoot = "";
			targets = (
				9C6B026319CD3477009FEA30 /* RealTimeFilter */,
				9C6B027819CD3477009FEA30 /* RealTimeFilterTests */,
			);
		};
/* End PBXProject section */

/* Begin PBXResourcesBuildPhase section */
		9C6B026219CD3477009FEA30 /* Resources */ = {
			isa = PBXResourcesBuildPhase;
			buildActionMask = 2147483647;
			files = (
				9C6B026F19CD3477009FEA30 /* Main.storyboard in Resources */,
				9C6B027419CD3477009FEA30 /* LaunchScreen.xib in Resources */,
				9C6B027119CD3477009FEA30 /* Images.xcassets in Resources */,
			);
			runOnlyForDeploymentPostprocessing = 0;
		};
		9C6B027719CD3477009FEA30 /* Resources */ = {
			isa = PBXResourcesBuildPhase;
			buildActionMask = 2147483647;
			files = (
			);
			runOnlyForDeploymentPostprocessing = 0;
		};
/* End PBXResourcesBuildPhase section */

/* Begin PBXSourcesBuildPhase section */
		9C6B026019CD3477009FEA30 /* Sources */ = {
			isa = PBXSourcesBuildPhase;
			buildActionMask = 2147483647;
			files = (
				9C6B026C19CD3477009FEA30 /* ViewController.swift in Sources */,
				9C6B026A19CD3477009FEA30 /* AppDelegate.swift in Sources */,
			);
			runOnlyForDeploymentPostprocessing = 0;
		};
		9C6B027519CD3477009FEA30 /* Sources */ = {
			isa = PBXSourcesBuildPhase;
			buildActionMask = 2147483647;
			files = (
				9C6B028019CD3477009FEA30 /* RealTimeFilterTests.swift in Sources */,
			);
			runOnlyForDeploymentPostprocessing = 0;
		};
/* End PBXSourcesBuildPhase section */

/* Begin PBXTargetDependency section */
		9C6B027B19CD3477009FEA30 /* PBXTargetDependency */ = {
			isa = PBXTargetDependency;
			target = 9C6B026319CD3477009FEA30 /* RealTimeFilter */;
			targetProxy = 9C6B027A19CD3477009FEA30 /* PBXContainerItemProxy */;
		};
/* End PBXTargetDependency section */

/* Begin PBXVariantGroup section */
		9C6B026D19CD3477009FEA30 /* Main.storyboard */ = {
			isa = PBXVariantGroup;
			children = (
				9C6B026E19CD3477009FEA30 /* Base */,
			);
			name = Main.storyboard;
			sourceTree = "<group>";
		};
		9C6B027219CD3477009FEA30 /* LaunchScreen.xib */ = {
			isa = PBXVariantGroup;
			children = (
				9C6B027319CD3477009FEA30 /* Base */,
			);
			name = LaunchScreen.xib;
			sourceTree = "<group>";
		};
/* End PBXVariantGroup section */

/* Begin XCBuildConfiguration section */
		9C6B028119CD3477009FEA30 /* Debug */ = {
			isa = XCBuildConfiguration;
			buildSettings = {
				ALWAYS_SEARCH_USER_PATHS = NO;
				CLANG_CXX_LANGUAGE_STANDARD = "gnu++0x";
				CLANG_CXX_LIBRARY = "libc++";
				CLANG_ENABLE_MODULES = YES;
				CLANG_ENABLE_OBJC_ARC = YES;
				CLANG_WARN_BOOL_CONVERSION = YES;
				CLANG_WARN_CONSTANT_CONVERSION = YES;
				CLANG_WARN_DIRECT_OBJC_ISA_USAGE = YES_ERROR;
				CLANG_WARN_EMPTY_BODY = YES;
				CLANG_WARN_ENUM_CONVERSION = YES;
				CLANG_WARN_INT_CONVERSION = YES;
				CLANG_WARN_OBJC_ROOT_CLASS = YES_ERROR;
				CLANG_WARN_UNREACHABLE_CODE = YES;
				CLANG_WARN__DUPLICATE_METHOD_MATCH = YES;
				"CODE_SIGN_IDENTITY[sdk=iphoneos*]" = "iPhone Developer";
				COPY_PHASE_STRIP = NO;
				ENABLE_STRICT_OBJC_MSGSEND = YES;
				GCC_C_LANGUAGE_STANDARD = gnu99;
				GCC_DYNAMIC_NO_PIC = NO;
				GCC_OPTIMIZATION_LEVEL = 0;
				GCC_PREPROCESSOR_DEFINITIONS = (
					"DEBUG=1",
					"$(inherited)",
				);
				GCC_SYMBOLS_PRIVATE_EXTERN = NO;
				GCC_WARN_64_TO_32_BIT_CONVERSION = YES;
				GCC_WARN_ABOUT_RETURN_TYPE = YES_ERROR;
				GCC_WARN_UNDECLARED_SELECTOR = YES;
				GCC_WARN_UNINITIALIZED_AUTOS = YES_AGGRESSIVE;
				GCC_WARN_UNUSED_FUNCTION = YES;
				GCC_WARN_UNUSED_VARIABLE = YES;
				IPHONEOS_DEPLOYMENT_TARGET = 8.0;
				MTL_ENABLE_DEBUG_INFO = YES;
				ONLY_ACTIVE_ARCH = YES;
				SDKROOT = iphoneos;
				SWIFT_OPTIMIZATION_LEVEL = "-Onone";
			};
			name = Debug;
		};
		9C6B028219CD3477009FEA30 /* Release */ = {
			isa = XCBuildConfiguration;
			buildSettings = {
				ALWAYS_SEARCH_USER_PATHS = NO;
				CLANG_CXX_LANGUAGE_STANDARD = "gnu++0x";
				CLANG_CXX_LIBRARY = "libc++";
				CLANG_ENABLE_MODULES = YES;
				CLANG_ENABLE_OBJC_ARC = YES;
				CLANG_WARN_BOOL_CONVERSION = YES;
				CLANG_WARN_CONSTANT_CONVERSION = YES;
				CLANG_WARN_DIRECT_OBJC_ISA_USAGE = YES_ERROR;
				CLANG_WARN_EMPTY_BODY = YES;
				CLANG_WARN_ENUM_CONVERSION = YES;
				CLANG_WARN_INT_CONVERSION = YES;
				CLANG_WARN_OBJC_ROOT_CLASS = YES_ERROR;
				CLANG_WARN_UNREACHABLE_CODE = YES;
				CLANG_WARN__DUPLICATE_METHOD_MATCH = YES;
				"CODE_SIGN_IDENTITY[sdk=iphoneos*]" = "iPhone Developer";
				COPY_PHASE_STRIP = YES;
				ENABLE_NS_ASSERTIONS = NO;
				ENABLE_STRICT_OBJC_MSGSEND = YES;
				GCC_C_LANGUAGE_STANDARD = gnu99;
				GCC_WARN_64_TO_32_BIT_CONVERSION = YES;
				GCC_WARN_ABOUT_RETURN_TYPE = YES_ERROR;
				GCC_WARN_UNDECLARED_SELECTOR = YES;
				GCC_WARN_UNINITIALIZED_AUTOS = YES_AGGRESSIVE;
				GCC_WARN_UNUSED_FUNCTION = YES;
				GCC_WARN_UNUSED_VARIABLE = YES;
				IPHONEOS_DEPLOYMENT_TARGET = 8.0;
				MTL_ENABLE_DEBUG_INFO = NO;
				SDKROOT = iphoneos;
				VALIDATE_PRODUCT = YES;
			};
			name = Release;
		};
		9C6B028419CD3477009FEA30 /* Debug */ = {
			isa = XCBuildConfiguration;
			buildSettings = {
				ASSETCATALOG_COMPILER_APPICON_NAME = AppIcon;
				CODE_SIGN_IDENTITY = "iPhone Developer";
				"CODE_SIGN_IDENTITY[sdk=iphoneos*]" = "iPhone Developer";
				INFOPLIST_FILE = RealTimeFilter/Info.plist;
				IPHONEOS_DEPLOYMENT_TARGET = 7.1;
				LD_RUNPATH_SEARCH_PATHS = "$(inherited) @executable_path/Frameworks";
				PRODUCT_NAME = "$(TARGET_NAME)";
				PROVISIONING_PROFILE = "";
			};
			name = Debug;
		};
		9C6B028519CD3477009FEA30 /* Release */ = {
			isa = XCBuildConfiguration;
			buildSettings = {
				ASSETCATALOG_COMPILER_APPICON_NAME = AppIcon;
				CODE_SIGN_IDENTITY = "iPhone Developer";
				"CODE_SIGN_IDENTITY[sdk=iphoneos*]" = "iPhone Developer";
				INFOPLIST_FILE = RealTimeFilter/Info.plist;
				IPHONEOS_DEPLOYMENT_TARGET = 7.1;
				LD_RUNPATH_SEARCH_PATHS = "$(inherited) @executable_path/Frameworks";
				PRODUCT_NAME = "$(TARGET_NAME)";
				PROVISIONING_PROFILE = "";
			};
			name = Release;
		};
		9C6B028719CD3477009FEA30 /* Debug */ = {
			isa = XCBuildConfiguration;
			buildSettings = {
				BUNDLE_LOADER = "$(TEST_HOST)";
				FRAMEWORK_SEARCH_PATHS = (
					"$(SDKROOT)/Developer/Library/Frameworks",
					"$(inherited)",
				);
				GCC_PREPROCESSOR_DEFINITIONS = (
					"DEBUG=1",
					"$(inherited)",
				);
				INFOPLIST_FILE = RealTimeFilterTests/Info.plist;
				LD_RUNPATH_SEARCH_PATHS = "$(inherited) @executable_path/Frameworks @loader_path/Frameworks";
				PRODUCT_NAME = "$(TARGET_NAME)";
				TEST_HOST = "$(BUILT_PRODUCTS_DIR)/RealTimeFilter.app/RealTimeFilter";
			};
			name = Debug;
		};
		9C6B028819CD3477009FEA30 /* Release */ = {
			isa = XCBuildConfiguration;
			buildSettings = {
				BUNDLE_LOADER = "$(TEST_HOST)";
				FRAMEWORK_SEARCH_PATHS = (
					"$(SDKROOT)/Developer/Library/Frameworks",
					"$(inherited)",
				);
				INFOPLIST_FILE = RealTimeFilterTests/Info.plist;
				LD_RUNPATH_SEARCH_PATHS = "$(inherited) @executable_path/Frameworks @loader_path/Frameworks";
				PRODUCT_NAME = "$(TARGET_NAME)";
				TEST_HOST = "$(BUILT_PRODUCTS_DIR)/RealTimeFilter.app/RealTimeFilter";
			};
			name = Release;
		};
/* End XCBuildConfiguration section */

/* Begin XCConfigurationList section */
		9C6B025F19CD3477009FEA30 /* Build configuration list for PBXProject "RealTimeFilter" */ = {
			isa = XCConfigurationList;
			buildConfigurations = (
				9C6B028119CD3477009FEA30 /* Debug */,
				9C6B028219CD3477009FEA30 /* Release */,
			);
			defaultConfigurationIsVisible = 0;
			defaultConfigurationName = Release;
		};
		9C6B028319CD3477009FEA30 /* Build configuration list for PBXNativeTarget "RealTimeFilter" */ = {
			isa = XCConfigurationList;
			buildConfigurations = (
				9C6B028419CD3477009FEA30 /* Debug */,
				9C6B028519CD3477009FEA30 /* Release */,
			);
			defaultConfigurationIsVisible = 0;
			defaultConfigurationName = Release;
		};
		9C6B028619CD3477009FEA30 /* Build configuration list for PBXNativeTarget "RealTimeFilterTests" */ = {
			isa = XCConfigurationList;
			buildConfigurations = (
				9C6B028719CD3477009FEA30 /* Debug */,
				9C6B028819CD3477009FEA30 /* Release */,
			);
			defaultConfigurationIsVisible = 0;
			defaultConfigurationName = Release;
		};
/* End XCConfigurationList section */
	};
	rootObject = 9C6B025C19CD3477009FEA30 /* Project object */;
}
